// !$*UTF8*$!
{
	archiveVersion = 1;
	classes = {
	};
	objectVersion = 51;
	objects = {

/* Begin PBXBuildFile section */
		183F4FF6240CD61E00F2A6A1 /* SideCellView.swift in Sources */ = {isa = PBXBuildFile; fileRef = 183F4FF5240CD61E00F2A6A1 /* SideCellView.swift */; };
		183F4FF8240CE49300F2A6A1 /* BaseView.swift in Sources */ = {isa = PBXBuildFile; fileRef = 183F4FF7240CE49300F2A6A1 /* BaseView.swift */; };
		183F4FFA240CE50D00F2A6A1 /* BaseView.xib in Resources */ = {isa = PBXBuildFile; fileRef = 183F4FF9240CE50D00F2A6A1 /* BaseView.xib */; };
		183F4FFC240D2B1700F2A6A1 /* TimeMeterView.swift in Sources */ = {isa = PBXBuildFile; fileRef = 183F4FFB240D2B1700F2A6A1 /* TimeMeterView.swift */; };
		183F4FFE240E120F00F2A6A1 /* NibView.swift in Sources */ = {isa = PBXBuildFile; fileRef = 183F4FFD240E120F00F2A6A1 /* NibView.swift */; };
		183F5002240E198C00F2A6A1 /* TimeMeterView.xib in Resources */ = {isa = PBXBuildFile; fileRef = 183F5001240E198C00F2A6A1 /* TimeMeterView.xib */; };
		1856364D240BB60E005E9E5B /* DrawView.swift in Sources */ = {isa = PBXBuildFile; fileRef = 1856364C240BB60E005E9E5B /* DrawView.swift */; };
		18563659240BDA6E005E9E5B /* MyShapeLayer.swift in Sources */ = {isa = PBXBuildFile; fileRef = 18563658240BDA6E005E9E5B /* MyShapeLayer.swift */; };
		1856365B240BDDA4005E9E5B /* DrawView.xib in Resources */ = {isa = PBXBuildFile; fileRef = 1856365A240BDDA4005E9E5B /* DrawView.xib */; };
		1856365D240C0153005E9E5B /* EditViewModel.swift in Sources */ = {isa = PBXBuildFile; fileRef = 1856365C240C0153005E9E5B /* EditViewModel.swift */; };
		185826FE241B612D00CF6F8E /* PostListViewController.swift in Sources */ = {isa = PBXBuildFile; fileRef = 185826FD241B612D00CF6F8E /* PostListViewController.swift */; };
		18582700241B622400CF6F8E /* PostCollectionViewCell.swift in Sources */ = {isa = PBXBuildFile; fileRef = 185826FF241B622400CF6F8E /* PostCollectionViewCell.swift */; };
		18582702241B888A00CF6F8E /* PostListViewModel.swift in Sources */ = {isa = PBXBuildFile; fileRef = 18582701241B888A00CF6F8E /* PostListViewModel.swift */; };
		185FD277240B77FD006E8B01 /* Cells.swift in Sources */ = {isa = PBXBuildFile; fileRef = 185FD276240B77FD006E8B01 /* Cells.swift */; };
		18771A52240E2891003346EF /* EditViewDataSource.swift in Sources */ = {isa = PBXBuildFile; fileRef = 18771A51240E2891003346EF /* EditViewDataSource.swift */; };
		18771A54240F8B0F003346EF /* TestViewController.swift in Sources */ = {isa = PBXBuildFile; fileRef = 18771A53240F8B0F003346EF /* TestViewController.swift */; };
		18771A58240F901D003346EF /* TrackCell.swift in Sources */ = {isa = PBXBuildFile; fileRef = 18771A57240F901D003346EF /* TrackCell.swift */; };
		18771A5A240F9319003346EF /* TrackCell.xib in Resources */ = {isa = PBXBuildFile; fileRef = 18771A59240F9319003346EF /* TrackCell.xib */; };
		18771A5D240FBA97003346EF /* TrackViewCell.swift in Sources */ = {isa = PBXBuildFile; fileRef = 18771A5B240FBA97003346EF /* TrackViewCell.swift */; };
		18771A5E240FBA97003346EF /* TrackViewCell.xib in Resources */ = {isa = PBXBuildFile; fileRef = 18771A5C240FBA97003346EF /* TrackViewCell.xib */; };
		18771A60241B4D23003346EF /* GoogleService-Info.plist in Resources */ = {isa = PBXBuildFile; fileRef = 18771A5F241B4D23003346EF /* GoogleService-Info.plist */; };
		18F5AC7D241E1C9D00D1DE33 /* UIColorExtension.swift in Sources */ = {isa = PBXBuildFile; fileRef = 18F5AC7C241E1C9D00D1DE33 /* UIColorExtension.swift */; };
		18F5AC7F241F295100D1DE33 /* upload.png in Resources */ = {isa = PBXBuildFile; fileRef = 18F5AC7E241F295100D1DE33 /* upload.png */; };
		18F5AC81241F297F00D1DE33 /* play.png in Resources */ = {isa = PBXBuildFile; fileRef = 18F5AC80241F297F00D1DE33 /* play.png */; };
		18F5AC83241F29B200D1DE33 /* stop.png in Resources */ = {isa = PBXBuildFile; fileRef = 18F5AC82241F29B200D1DE33 /* stop.png */; };
		18F5AC85241F2A4700D1DE33 /* pause.png in Resources */ = {isa = PBXBuildFile; fileRef = 18F5AC84241F2A4700D1DE33 /* pause.png */; };
		18F5AC87241F2AB200D1DE33 /* rewind.png in Resources */ = {isa = PBXBuildFile; fileRef = 18F5AC86241F2AB200D1DE33 /* rewind.png */; };
		18F5AC89241F2D4C00D1DE33 /* close.png in Resources */ = {isa = PBXBuildFile; fileRef = 18F5AC88241F2D4C00D1DE33 /* close.png */; };
		18F5AC8B241F342100D1DE33 /* BottomView.swift in Sources */ = {isa = PBXBuildFile; fileRef = 18F5AC8A241F342100D1DE33 /* BottomView.swift */; };
		18F5AC8D241F342F00D1DE33 /* BottomView.xib in Resources */ = {isa = PBXBuildFile; fileRef = 18F5AC8C241F342F00D1DE33 /* BottomView.xib */; };
		18FFA74E2403CDB300F13DF1 /* AppDelegate.swift in Sources */ = {isa = PBXBuildFile; fileRef = 18FFA74D2403CDB300F13DF1 /* AppDelegate.swift */; };
		18FFA7502403CDB300F13DF1 /* SceneDelegate.swift in Sources */ = {isa = PBXBuildFile; fileRef = 18FFA74F2403CDB300F13DF1 /* SceneDelegate.swift */; };
		18FFA7522403CDB300F13DF1 /* EditViewController.swift in Sources */ = {isa = PBXBuildFile; fileRef = 18FFA7512403CDB300F13DF1 /* EditViewController.swift */; };
		18FFA7552403CDB300F13DF1 /* Main.storyboard in Resources */ = {isa = PBXBuildFile; fileRef = 18FFA7532403CDB300F13DF1 /* Main.storyboard */; };
		18FFA7572403CDB500F13DF1 /* Assets.xcassets in Resources */ = {isa = PBXBuildFile; fileRef = 18FFA7562403CDB500F13DF1 /* Assets.xcassets */; };
		18FFA75A2403CDB500F13DF1 /* LaunchScreen.storyboard in Resources */ = {isa = PBXBuildFile; fileRef = 18FFA7582403CDB500F13DF1 /* LaunchScreen.storyboard */; };
		18FFA7652403CDB500F13DF1 /* MotionAppTests.swift in Sources */ = {isa = PBXBuildFile; fileRef = 18FFA7642403CDB500F13DF1 /* MotionAppTests.swift */; };
		18FFA7702403CDB500F13DF1 /* MotionAppUITests.swift in Sources */ = {isa = PBXBuildFile; fileRef = 18FFA76F2403CDB500F13DF1 /* MotionAppUITests.swift */; };
		48A9709FA173CAA9AE73407A /* Pods_MotionApp_MotionAppUITests.framework in Frameworks */ = {isa = PBXBuildFile; fileRef = 6505318C395CA9BBE0537CBA /* Pods_MotionApp_MotionAppUITests.framework */; };
		CB16531652A18EF0D85737C0 /* Pods_MotionAppTests.framework in Frameworks */ = {isa = PBXBuildFile; fileRef = 0C436D343495939FF6BC0F91 /* Pods_MotionAppTests.framework */; };
		CEF7D786DE07D4020DC188FF /* Pods_MotionApp.framework in Frameworks */ = {isa = PBXBuildFile; fileRef = 68B21DBB80AA36CF516D80D6 /* Pods_MotionApp.framework */; };
/* End PBXBuildFile section */

/* Begin PBXContainerItemProxy section */
		18FFA7612403CDB500F13DF1 /* PBXContainerItemProxy */ = {
			isa = PBXContainerItemProxy;
			containerPortal = 18FFA7422403CDB300F13DF1 /* Project object */;
			proxyType = 1;
			remoteGlobalIDString = 18FFA7492403CDB300F13DF1;
			remoteInfo = MotionApp;
		};
		18FFA76C2403CDB500F13DF1 /* PBXContainerItemProxy */ = {
			isa = PBXContainerItemProxy;
			containerPortal = 18FFA7422403CDB300F13DF1 /* Project object */;
			proxyType = 1;
			remoteGlobalIDString = 18FFA7492403CDB300F13DF1;
			remoteInfo = MotionApp;
		};
/* End PBXContainerItemProxy section */

/* Begin PBXFileReference section */
		0C436D343495939FF6BC0F91 /* Pods_MotionAppTests.framework */ = {isa = PBXFileReference; explicitFileType = wrapper.framework; includeInIndex = 0; path = Pods_MotionAppTests.framework; sourceTree = BUILT_PRODUCTS_DIR; };
		183F4FF5240CD61E00F2A6A1 /* SideCellView.swift */ = {isa = PBXFileReference; lastKnownFileType = sourcecode.swift; path = SideCellView.swift; sourceTree = "<group>"; };
		183F4FF7240CE49300F2A6A1 /* BaseView.swift */ = {isa = PBXFileReference; lastKnownFileType = sourcecode.swift; path = BaseView.swift; sourceTree = "<group>"; };
		183F4FF9240CE50D00F2A6A1 /* BaseView.xib */ = {isa = PBXFileReference; lastKnownFileType = file.xib; path = BaseView.xib; sourceTree = "<group>"; };
		183F4FFB240D2B1700F2A6A1 /* TimeMeterView.swift */ = {isa = PBXFileReference; lastKnownFileType = sourcecode.swift; path = TimeMeterView.swift; sourceTree = "<group>"; };
		183F4FFD240E120F00F2A6A1 /* NibView.swift */ = {isa = PBXFileReference; lastKnownFileType = sourcecode.swift; path = NibView.swift; sourceTree = "<group>"; };
		183F5001240E198C00F2A6A1 /* TimeMeterView.xib */ = {isa = PBXFileReference; lastKnownFileType = file.xib; path = TimeMeterView.xib; sourceTree = "<group>"; };
		1856364C240BB60E005E9E5B /* DrawView.swift */ = {isa = PBXFileReference; lastKnownFileType = sourcecode.swift; path = DrawView.swift; sourceTree = "<group>"; };
		18563658240BDA6E005E9E5B /* MyShapeLayer.swift */ = {isa = PBXFileReference; lastKnownFileType = sourcecode.swift; path = MyShapeLayer.swift; sourceTree = "<group>"; };
		1856365A240BDDA4005E9E5B /* DrawView.xib */ = {isa = PBXFileReference; lastKnownFileType = file.xib; path = DrawView.xib; sourceTree = "<group>"; };
		1856365C240C0153005E9E5B /* EditViewModel.swift */ = {isa = PBXFileReference; lastKnownFileType = sourcecode.swift; path = EditViewModel.swift; sourceTree = "<group>"; };
		185826FD241B612D00CF6F8E /* PostListViewController.swift */ = {isa = PBXFileReference; lastKnownFileType = sourcecode.swift; path = PostListViewController.swift; sourceTree = "<group>"; };
		185826FF241B622400CF6F8E /* PostCollectionViewCell.swift */ = {isa = PBXFileReference; lastKnownFileType = sourcecode.swift; path = PostCollectionViewCell.swift; sourceTree = "<group>"; };
		18582701241B888A00CF6F8E /* PostListViewModel.swift */ = {isa = PBXFileReference; lastKnownFileType = sourcecode.swift; path = PostListViewModel.swift; sourceTree = "<group>"; };
		185FD276240B77FD006E8B01 /* Cells.swift */ = {isa = PBXFileReference; lastKnownFileType = sourcecode.swift; path = Cells.swift; sourceTree = "<group>"; };
		18771A51240E2891003346EF /* EditViewDataSource.swift */ = {isa = PBXFileReference; lastKnownFileType = sourcecode.swift; path = EditViewDataSource.swift; sourceTree = "<group>"; };
		18771A53240F8B0F003346EF /* TestViewController.swift */ = {isa = PBXFileReference; lastKnownFileType = sourcecode.swift; path = TestViewController.swift; sourceTree = "<group>"; };
		18771A57240F901D003346EF /* TrackCell.swift */ = {isa = PBXFileReference; lastKnownFileType = sourcecode.swift; path = TrackCell.swift; sourceTree = "<group>"; };
		18771A59240F9319003346EF /* TrackCell.xib */ = {isa = PBXFileReference; lastKnownFileType = file.xib; path = TrackCell.xib; sourceTree = "<group>"; };
		18771A5B240FBA97003346EF /* TrackViewCell.swift */ = {isa = PBXFileReference; lastKnownFileType = sourcecode.swift; path = TrackViewCell.swift; sourceTree = "<group>"; };
		18771A5C240FBA97003346EF /* TrackViewCell.xib */ = {isa = PBXFileReference; lastKnownFileType = file.xib; path = TrackViewCell.xib; sourceTree = "<group>"; };
		18771A5F241B4D23003346EF /* GoogleService-Info.plist */ = {isa = PBXFileReference; fileEncoding = 4; lastKnownFileType = text.plist.xml; path = "GoogleService-Info.plist"; sourceTree = "<group>"; };
		18F5AC7C241E1C9D00D1DE33 /* UIColorExtension.swift */ = {isa = PBXFileReference; lastKnownFileType = sourcecode.swift; path = UIColorExtension.swift; sourceTree = "<group>"; };
		18F5AC7E241F295100D1DE33 /* upload.png */ = {isa = PBXFileReference; lastKnownFileType = image.png; path = upload.png; sourceTree = "<group>"; };
		18F5AC80241F297F00D1DE33 /* play.png */ = {isa = PBXFileReference; lastKnownFileType = image.png; path = play.png; sourceTree = "<group>"; };
		18F5AC82241F29B200D1DE33 /* stop.png */ = {isa = PBXFileReference; lastKnownFileType = image.png; path = stop.png; sourceTree = "<group>"; };
		18F5AC84241F2A4700D1DE33 /* pause.png */ = {isa = PBXFileReference; lastKnownFileType = image.png; path = pause.png; sourceTree = "<group>"; };
		18F5AC86241F2AB200D1DE33 /* rewind.png */ = {isa = PBXFileReference; lastKnownFileType = image.png; path = rewind.png; sourceTree = "<group>"; };
		18F5AC88241F2D4C00D1DE33 /* close.png */ = {isa = PBXFileReference; lastKnownFileType = image.png; path = close.png; sourceTree = "<group>"; };
		18F5AC8A241F342100D1DE33 /* BottomView.swift */ = {isa = PBXFileReference; lastKnownFileType = sourcecode.swift; path = BottomView.swift; sourceTree = "<group>"; };
		18F5AC8C241F342F00D1DE33 /* BottomView.xib */ = {isa = PBXFileReference; lastKnownFileType = file.xib; path = BottomView.xib; sourceTree = "<group>"; };
		18FFA74A2403CDB300F13DF1 /* MotionApp.app */ = {isa = PBXFileReference; explicitFileType = wrapper.application; includeInIndex = 0; path = MotionApp.app; sourceTree = BUILT_PRODUCTS_DIR; };
		18FFA74D2403CDB300F13DF1 /* AppDelegate.swift */ = {isa = PBXFileReference; lastKnownFileType = sourcecode.swift; path = AppDelegate.swift; sourceTree = "<group>"; };
		18FFA74F2403CDB300F13DF1 /* SceneDelegate.swift */ = {isa = PBXFileReference; lastKnownFileType = sourcecode.swift; path = SceneDelegate.swift; sourceTree = "<group>"; };
		18FFA7512403CDB300F13DF1 /* EditViewController.swift */ = {isa = PBXFileReference; lastKnownFileType = sourcecode.swift; path = EditViewController.swift; sourceTree = "<group>"; };
		18FFA7542403CDB300F13DF1 /* Base */ = {isa = PBXFileReference; lastKnownFileType = file.storyboard; name = Base; path = Base.lproj/Main.storyboard; sourceTree = "<group>"; };
		18FFA7562403CDB500F13DF1 /* Assets.xcassets */ = {isa = PBXFileReference; lastKnownFileType = folder.assetcatalog; path = Assets.xcassets; sourceTree = "<group>"; };
		18FFA7592403CDB500F13DF1 /* Base */ = {isa = PBXFileReference; lastKnownFileType = file.storyboard; name = Base; path = Base.lproj/LaunchScreen.storyboard; sourceTree = "<group>"; };
		18FFA75B2403CDB500F13DF1 /* Info.plist */ = {isa = PBXFileReference; lastKnownFileType = text.plist.xml; path = Info.plist; sourceTree = "<group>"; };
		18FFA7602403CDB500F13DF1 /* MotionAppTests.xctest */ = {isa = PBXFileReference; explicitFileType = wrapper.cfbundle; includeInIndex = 0; path = MotionAppTests.xctest; sourceTree = BUILT_PRODUCTS_DIR; };
		18FFA7642403CDB500F13DF1 /* MotionAppTests.swift */ = {isa = PBXFileReference; lastKnownFileType = sourcecode.swift; path = MotionAppTests.swift; sourceTree = "<group>"; };
		18FFA7662403CDB500F13DF1 /* Info.plist */ = {isa = PBXFileReference; lastKnownFileType = text.plist.xml; path = Info.plist; sourceTree = "<group>"; };
		18FFA76B2403CDB500F13DF1 /* MotionAppUITests.xctest */ = {isa = PBXFileReference; explicitFileType = wrapper.cfbundle; includeInIndex = 0; path = MotionAppUITests.xctest; sourceTree = BUILT_PRODUCTS_DIR; };
		18FFA76F2403CDB500F13DF1 /* MotionAppUITests.swift */ = {isa = PBXFileReference; lastKnownFileType = sourcecode.swift; path = MotionAppUITests.swift; sourceTree = "<group>"; };
		18FFA7712403CDB500F13DF1 /* Info.plist */ = {isa = PBXFileReference; lastKnownFileType = text.plist.xml; path = Info.plist; sourceTree = "<group>"; };
		1FC678D01F36E6BC18513730 /* Pods-MotionApp-MotionAppUITests.release.xcconfig */ = {isa = PBXFileReference; includeInIndex = 1; lastKnownFileType = text.xcconfig; name = "Pods-MotionApp-MotionAppUITests.release.xcconfig"; path = "Target Support Files/Pods-MotionApp-MotionAppUITests/Pods-MotionApp-MotionAppUITests.release.xcconfig"; sourceTree = "<group>"; };
		6006DE83001BA73CE343AB7E /* Pods-MotionAppTests.release.xcconfig */ = {isa = PBXFileReference; includeInIndex = 1; lastKnownFileType = text.xcconfig; name = "Pods-MotionAppTests.release.xcconfig"; path = "Target Support Files/Pods-MotionAppTests/Pods-MotionAppTests.release.xcconfig"; sourceTree = "<group>"; };
		6505318C395CA9BBE0537CBA /* Pods_MotionApp_MotionAppUITests.framework */ = {isa = PBXFileReference; explicitFileType = wrapper.framework; includeInIndex = 0; path = Pods_MotionApp_MotionAppUITests.framework; sourceTree = BUILT_PRODUCTS_DIR; };
		6827C7C51D3C6A8C9AD51025 /* Pods-MotionApp.release.xcconfig */ = {isa = PBXFileReference; includeInIndex = 1; lastKnownFileType = text.xcconfig; name = "Pods-MotionApp.release.xcconfig"; path = "Target Support Files/Pods-MotionApp/Pods-MotionApp.release.xcconfig"; sourceTree = "<group>"; };
		68B21DBB80AA36CF516D80D6 /* Pods_MotionApp.framework */ = {isa = PBXFileReference; explicitFileType = wrapper.framework; includeInIndex = 0; path = Pods_MotionApp.framework; sourceTree = BUILT_PRODUCTS_DIR; };
		91FE733EC31871CF885642DF /* Pods-MotionApp-MotionAppUITests.debug.xcconfig */ = {isa = PBXFileReference; includeInIndex = 1; lastKnownFileType = text.xcconfig; name = "Pods-MotionApp-MotionAppUITests.debug.xcconfig"; path = "Target Support Files/Pods-MotionApp-MotionAppUITests/Pods-MotionApp-MotionAppUITests.debug.xcconfig"; sourceTree = "<group>"; };
		9F341AB510FF138972E28F22 /* Pods-MotionAppTests.debug.xcconfig */ = {isa = PBXFileReference; includeInIndex = 1; lastKnownFileType = text.xcconfig; name = "Pods-MotionAppTests.debug.xcconfig"; path = "Target Support Files/Pods-MotionAppTests/Pods-MotionAppTests.debug.xcconfig"; sourceTree = "<group>"; };
		EB60275870FC4EB4174C20DB /* Pods-MotionApp.debug.xcconfig */ = {isa = PBXFileReference; includeInIndex = 1; lastKnownFileType = text.xcconfig; name = "Pods-MotionApp.debug.xcconfig"; path = "Target Support Files/Pods-MotionApp/Pods-MotionApp.debug.xcconfig"; sourceTree = "<group>"; };
/* End PBXFileReference section */

/* Begin PBXFrameworksBuildPhase section */
		18FFA7472403CDB300F13DF1 /* Frameworks */ = {
			isa = PBXFrameworksBuildPhase;
			buildActionMask = 2147483647;
			files = (
				CEF7D786DE07D4020DC188FF /* Pods_MotionApp.framework in Frameworks */,
			);
			runOnlyForDeploymentPostprocessing = 0;
		};
		18FFA75D2403CDB500F13DF1 /* Frameworks */ = {
			isa = PBXFrameworksBuildPhase;
			buildActionMask = 2147483647;
			files = (
				CB16531652A18EF0D85737C0 /* Pods_MotionAppTests.framework in Frameworks */,
			);
			runOnlyForDeploymentPostprocessing = 0;
		};
		18FFA7682403CDB500F13DF1 /* Frameworks */ = {
			isa = PBXFrameworksBuildPhase;
			buildActionMask = 2147483647;
			files = (
				48A9709FA173CAA9AE73407A /* Pods_MotionApp_MotionAppUITests.framework in Frameworks */,
			);
			runOnlyForDeploymentPostprocessing = 0;
		};
/* End PBXFrameworksBuildPhase section */

/* Begin PBXGroup section */
		183F4FF4240CD45F00F2A6A1 /* View */ = {
			isa = PBXGroup;
			children = (
				18563658240BDA6E005E9E5B /* MyShapeLayer.swift */,
				1856364C240BB60E005E9E5B /* DrawView.swift */,
				185FD276240B77FD006E8B01 /* Cells.swift */,
				183F4FF5240CD61E00F2A6A1 /* SideCellView.swift */,
				183F4FF7240CE49300F2A6A1 /* BaseView.swift */,
				183F4FFB240D2B1700F2A6A1 /* TimeMeterView.swift */,
				183F4FFD240E120F00F2A6A1 /* NibView.swift */,
			);
			path = View;
			sourceTree = "<group>";
		};
		18FFA7412403CDB300F13DF1 = {
			isa = PBXGroup;
			children = (
				18FFA74C2403CDB300F13DF1 /* MotionApp */,
				18FFA7632403CDB500F13DF1 /* MotionAppTests */,
				18FFA76E2403CDB500F13DF1 /* MotionAppUITests */,
				18FFA74B2403CDB300F13DF1 /* Products */,
				7399965386E984763D6220E0 /* Pods */,
				F29B9F4BE7A1A73EBE6D08BF /* Frameworks */,
			);
			sourceTree = "<group>";
		};
		18FFA74B2403CDB300F13DF1 /* Products */ = {
			isa = PBXGroup;
			children = (
				18FFA74A2403CDB300F13DF1 /* MotionApp.app */,
				18FFA7602403CDB500F13DF1 /* MotionAppTests.xctest */,
				18FFA76B2403CDB500F13DF1 /* MotionAppUITests.xctest */,
			);
			name = Products;
			sourceTree = "<group>";
		};
		18FFA74C2403CDB300F13DF1 /* MotionApp */ = {
			isa = PBXGroup;
			children = (
				18F5AC82241F29B200D1DE33 /* stop.png */,
				18F5AC86241F2AB200D1DE33 /* rewind.png */,
				18F5AC88241F2D4C00D1DE33 /* close.png */,
				18F5AC84241F2A4700D1DE33 /* pause.png */,
				18F5AC80241F297F00D1DE33 /* play.png */,
				18F5AC7E241F295100D1DE33 /* upload.png */,
				183F4FF4240CD45F00F2A6A1 /* View */,
				18FFA74D2403CDB300F13DF1 /* AppDelegate.swift */,
				18FFA74F2403CDB300F13DF1 /* SceneDelegate.swift */,
				18FFA7512403CDB300F13DF1 /* EditViewController.swift */,
				18FFA7532403CDB300F13DF1 /* Main.storyboard */,
				18FFA7562403CDB500F13DF1 /* Assets.xcassets */,
				18FFA7582403CDB500F13DF1 /* LaunchScreen.storyboard */,
				18FFA75B2403CDB500F13DF1 /* Info.plist */,
				1856365A240BDDA4005E9E5B /* DrawView.xib */,
				1856365C240C0153005E9E5B /* EditViewModel.swift */,
				183F4FF9240CE50D00F2A6A1 /* BaseView.xib */,
				183F5001240E198C00F2A6A1 /* TimeMeterView.xib */,
				18771A5F241B4D23003346EF /* GoogleService-Info.plist */,
				18771A51240E2891003346EF /* EditViewDataSource.swift */,
				18771A53240F8B0F003346EF /* TestViewController.swift */,
				18771A57240F901D003346EF /* TrackCell.swift */,
				18771A59240F9319003346EF /* TrackCell.xib */,
				18771A5B240FBA97003346EF /* TrackViewCell.swift */,
				18771A5C240FBA97003346EF /* TrackViewCell.xib */,
				185826FD241B612D00CF6F8E /* PostListViewController.swift */,
				185826FF241B622400CF6F8E /* PostCollectionViewCell.swift */,
				18582701241B888A00CF6F8E /* PostListViewModel.swift */,
				18F5AC7C241E1C9D00D1DE33 /* UIColorExtension.swift */,
				18F5AC8A241F342100D1DE33 /* BottomView.swift */,
				18F5AC8C241F342F00D1DE33 /* BottomView.xib */,
			);
			path = MotionApp;
			sourceTree = "<group>";
		};
		18FFA7632403CDB500F13DF1 /* MotionAppTests */ = {
			isa = PBXGroup;
			children = (
				18FFA7642403CDB500F13DF1 /* MotionAppTests.swift */,
				18FFA7662403CDB500F13DF1 /* Info.plist */,
			);
			path = MotionAppTests;
			sourceTree = "<group>";
		};
		18FFA76E2403CDB500F13DF1 /* MotionAppUITests */ = {
			isa = PBXGroup;
			children = (
				18FFA76F2403CDB500F13DF1 /* MotionAppUITests.swift */,
				18FFA7712403CDB500F13DF1 /* Info.plist */,
			);
			path = MotionAppUITests;
			sourceTree = "<group>";
		};
		7399965386E984763D6220E0 /* Pods */ = {
			isa = PBXGroup;
			children = (
				EB60275870FC4EB4174C20DB /* Pods-MotionApp.debug.xcconfig */,
				6827C7C51D3C6A8C9AD51025 /* Pods-MotionApp.release.xcconfig */,
				91FE733EC31871CF885642DF /* Pods-MotionApp-MotionAppUITests.debug.xcconfig */,
				1FC678D01F36E6BC18513730 /* Pods-MotionApp-MotionAppUITests.release.xcconfig */,
				9F341AB510FF138972E28F22 /* Pods-MotionAppTests.debug.xcconfig */,
				6006DE83001BA73CE343AB7E /* Pods-MotionAppTests.release.xcconfig */,
			);
			path = Pods;
			sourceTree = "<group>";
		};
		F29B9F4BE7A1A73EBE6D08BF /* Frameworks */ = {
			isa = PBXGroup;
			children = (
				68B21DBB80AA36CF516D80D6 /* Pods_MotionApp.framework */,
				6505318C395CA9BBE0537CBA /* Pods_MotionApp_MotionAppUITests.framework */,
				0C436D343495939FF6BC0F91 /* Pods_MotionAppTests.framework */,
			);
			name = Frameworks;
			sourceTree = "<group>";
		};
/* End PBXGroup section */

/* Begin PBXNativeTarget section */
		18FFA7492403CDB300F13DF1 /* MotionApp */ = {
			isa = PBXNativeTarget;
			buildConfigurationList = 18FFA7742403CDB500F13DF1 /* Build configuration list for PBXNativeTarget "MotionApp" */;
			buildPhases = (
				10F617775AABE0CBED8A23B0 /* [CP] Check Pods Manifest.lock */,
				18FFA7462403CDB300F13DF1 /* Sources */,
				18FFA7472403CDB300F13DF1 /* Frameworks */,
				18FFA7482403CDB300F13DF1 /* Resources */,
				4933E5C7599E97A45A0F879B /* [CP] Embed Pods Frameworks */,
			);
			buildRules = (
			);
			dependencies = (
			);
			name = MotionApp;
			productName = MotionApp;
			productReference = 18FFA74A2403CDB300F13DF1 /* MotionApp.app */;
			productType = "com.apple.product-type.application";
		};
		18FFA75F2403CDB500F13DF1 /* MotionAppTests */ = {
			isa = PBXNativeTarget;
			buildConfigurationList = 18FFA7772403CDB500F13DF1 /* Build configuration list for PBXNativeTarget "MotionAppTests" */;
			buildPhases = (
				A9A1E68EC888C3570256B713 /* [CP] Check Pods Manifest.lock */,
				18FFA75C2403CDB500F13DF1 /* Sources */,
				18FFA75D2403CDB500F13DF1 /* Frameworks */,
				18FFA75E2403CDB500F13DF1 /* Resources */,
			);
			buildRules = (
			);
			dependencies = (
				18FFA7622403CDB500F13DF1 /* PBXTargetDependency */,
			);
			name = MotionAppTests;
			productName = MotionAppTests;
			productReference = 18FFA7602403CDB500F13DF1 /* MotionAppTests.xctest */;
			productType = "com.apple.product-type.bundle.unit-test";
		};
		18FFA76A2403CDB500F13DF1 /* MotionAppUITests */ = {
			isa = PBXNativeTarget;
			buildConfigurationList = 18FFA77A2403CDB500F13DF1 /* Build configuration list for PBXNativeTarget "MotionAppUITests" */;
			buildPhases = (
				4988C3B6C9BAF4AC23CB2339 /* [CP] Check Pods Manifest.lock */,
				18FFA7672403CDB500F13DF1 /* Sources */,
				18FFA7682403CDB500F13DF1 /* Frameworks */,
				18FFA7692403CDB500F13DF1 /* Resources */,
				961A10F95DDF731D562B3835 /* [CP] Embed Pods Frameworks */,
			);
			buildRules = (
			);
			dependencies = (
				18FFA76D2403CDB500F13DF1 /* PBXTargetDependency */,
			);
			name = MotionAppUITests;
			productName = MotionAppUITests;
			productReference = 18FFA76B2403CDB500F13DF1 /* MotionAppUITests.xctest */;
			productType = "com.apple.product-type.bundle.ui-testing";
		};
/* End PBXNativeTarget section */

/* Begin PBXProject section */
		18FFA7422403CDB300F13DF1 /* Project object */ = {
			isa = PBXProject;
			attributes = {
				LastSwiftUpdateCheck = 1130;
				LastUpgradeCheck = 1130;
				ORGANIZATIONNAME = konatsup;
				TargetAttributes = {
					18FFA7492403CDB300F13DF1 = {
						CreatedOnToolsVersion = 11.3.1;
					};
					18FFA75F2403CDB500F13DF1 = {
						CreatedOnToolsVersion = 11.3.1;
						TestTargetID = 18FFA7492403CDB300F13DF1;
					};
					18FFA76A2403CDB500F13DF1 = {
						CreatedOnToolsVersion = 11.3.1;
						TestTargetID = 18FFA7492403CDB300F13DF1;
					};
				};
			};
			buildConfigurationList = 18FFA7452403CDB300F13DF1 /* Build configuration list for PBXProject "MotionApp" */;
			compatibilityVersion = "Xcode 9.3";
			developmentRegion = en;
			hasScannedForEncodings = 0;
			knownRegions = (
				en,
				Base,
			);
			mainGroup = 18FFA7412403CDB300F13DF1;
			productRefGroup = 18FFA74B2403CDB300F13DF1 /* Products */;
			projectDirPath = "";
			projectRoot = "";
			targets = (
				18FFA7492403CDB300F13DF1 /* MotionApp */,
				18FFA75F2403CDB500F13DF1 /* MotionAppTests */,
				18FFA76A2403CDB500F13DF1 /* MotionAppUITests */,
			);
		};
/* End PBXProject section */

/* Begin PBXResourcesBuildPhase section */
		18FFA7482403CDB300F13DF1 /* Resources */ = {
			isa = PBXResourcesBuildPhase;
			buildActionMask = 2147483647;
			files = (
				18FFA75A2403CDB500F13DF1 /* LaunchScreen.storyboard in Resources */,
				18FFA7572403CDB500F13DF1 /* Assets.xcassets in Resources */,
				18F5AC83241F29B200D1DE33 /* stop.png in Resources */,
				18771A60241B4D23003346EF /* GoogleService-Info.plist in Resources */,
				18F5AC7F241F295100D1DE33 /* upload.png in Resources */,
				18771A5E240FBA97003346EF /* TrackViewCell.xib in Resources */,
				18F5AC81241F297F00D1DE33 /* play.png in Resources */,
				183F4FFA240CE50D00F2A6A1 /* BaseView.xib in Resources */,
				18F5AC85241F2A4700D1DE33 /* pause.png in Resources */,
				18F5AC87241F2AB200D1DE33 /* rewind.png in Resources */,
				18771A5A240F9319003346EF /* TrackCell.xib in Resources */,
				183F5002240E198C00F2A6A1 /* TimeMeterView.xib in Resources */,
				1856365B240BDDA4005E9E5B /* DrawView.xib in Resources */,
				18FFA7552403CDB300F13DF1 /* Main.storyboard in Resources */,
				18F5AC89241F2D4C00D1DE33 /* close.png in Resources */,
				18F5AC8D241F342F00D1DE33 /* BottomView.xib in Resources */,
			);
			runOnlyForDeploymentPostprocessing = 0;
		};
		18FFA75E2403CDB500F13DF1 /* Resources */ = {
			isa = PBXResourcesBuildPhase;
			buildActionMask = 2147483647;
			files = (
			);
			runOnlyForDeploymentPostprocessing = 0;
		};
		18FFA7692403CDB500F13DF1 /* Resources */ = {
			isa = PBXResourcesBuildPhase;
			buildActionMask = 2147483647;
			files = (
			);
			runOnlyForDeploymentPostprocessing = 0;
		};
/* End PBXResourcesBuildPhase section */

/* Begin PBXShellScriptBuildPhase section */
		10F617775AABE0CBED8A23B0 /* [CP] Check Pods Manifest.lock */ = {
			isa = PBXShellScriptBuildPhase;
			buildActionMask = 2147483647;
			files = (
			);
			inputFileListPaths = (
			);
			inputPaths = (
				"${PODS_PODFILE_DIR_PATH}/Podfile.lock",
				"${PODS_ROOT}/Manifest.lock",
			);
			name = "[CP] Check Pods Manifest.lock";
			outputFileListPaths = (
			);
			outputPaths = (
				"$(DERIVED_FILE_DIR)/Pods-MotionApp-checkManifestLockResult.txt",
			);
			runOnlyForDeploymentPostprocessing = 0;
			shellPath = /bin/sh;
			shellScript = "diff \"${PODS_PODFILE_DIR_PATH}/Podfile.lock\" \"${PODS_ROOT}/Manifest.lock\" > /dev/null\nif [ $? != 0 ] ; then\n    # print error to STDERR\n    echo \"error: The sandbox is not in sync with the Podfile.lock. Run 'pod install' or update your CocoaPods installation.\" >&2\n    exit 1\nfi\n# This output is used by Xcode 'outputs' to avoid re-running this script phase.\necho \"SUCCESS\" > \"${SCRIPT_OUTPUT_FILE_0}\"\n";
			showEnvVarsInLog = 0;
		};
		4933E5C7599E97A45A0F879B /* [CP] Embed Pods Frameworks */ = {
			isa = PBXShellScriptBuildPhase;
			buildActionMask = 2147483647;
			files = (
			);
			inputFileListPaths = (
				"${PODS_ROOT}/Target Support Files/Pods-MotionApp/Pods-MotionApp-frameworks-${CONFIGURATION}-input-files.xcfilelist",
			);
			name = "[CP] Embed Pods Frameworks";
			outputFileListPaths = (
				"${PODS_ROOT}/Target Support Files/Pods-MotionApp/Pods-MotionApp-frameworks-${CONFIGURATION}-output-files.xcfilelist",
			);
			runOnlyForDeploymentPostprocessing = 0;
			shellPath = /bin/sh;
			shellScript = "\"${PODS_ROOT}/Target Support Files/Pods-MotionApp/Pods-MotionApp-frameworks.sh\"\n";
			showEnvVarsInLog = 0;
		};
		4988C3B6C9BAF4AC23CB2339 /* [CP] Check Pods Manifest.lock */ = {
			isa = PBXShellScriptBuildPhase;
			buildActionMask = 2147483647;
			files = (
			);
			inputFileListPaths = (
			);
			inputPaths = (
				"${PODS_PODFILE_DIR_PATH}/Podfile.lock",
				"${PODS_ROOT}/Manifest.lock",
			);
			name = "[CP] Check Pods Manifest.lock";
			outputFileListPaths = (
			);
			outputPaths = (
				"$(DERIVED_FILE_DIR)/Pods-MotionApp-MotionAppUITests-checkManifestLockResult.txt",
			);
			runOnlyForDeploymentPostprocessing = 0;
			shellPath = /bin/sh;
			shellScript = "diff \"${PODS_PODFILE_DIR_PATH}/Podfile.lock\" \"${PODS_ROOT}/Manifest.lock\" > /dev/null\nif [ $? != 0 ] ; then\n    # print error to STDERR\n    echo \"error: The sandbox is not in sync with the Podfile.lock. Run 'pod install' or update your CocoaPods installation.\" >&2\n    exit 1\nfi\n# This output is used by Xcode 'outputs' to avoid re-running this script phase.\necho \"SUCCESS\" > \"${SCRIPT_OUTPUT_FILE_0}\"\n";
			showEnvVarsInLog = 0;
		};
		961A10F95DDF731D562B3835 /* [CP] Embed Pods Frameworks */ = {
			isa = PBXShellScriptBuildPhase;
			buildActionMask = 2147483647;
			files = (
			);
			inputFileListPaths = (
				"${PODS_ROOT}/Target Support Files/Pods-MotionApp-MotionAppUITests/Pods-MotionApp-MotionAppUITests-frameworks-${CONFIGURATION}-input-files.xcfilelist",
			);
			name = "[CP] Embed Pods Frameworks";
			outputFileListPaths = (
				"${PODS_ROOT}/Target Support Files/Pods-MotionApp-MotionAppUITests/Pods-MotionApp-MotionAppUITests-frameworks-${CONFIGURATION}-output-files.xcfilelist",
			);
			runOnlyForDeploymentPostprocessing = 0;
			shellPath = /bin/sh;
			shellScript = "\"${PODS_ROOT}/Target Support Files/Pods-MotionApp-MotionAppUITests/Pods-MotionApp-MotionAppUITests-frameworks.sh\"\n";
			showEnvVarsInLog = 0;
		};
		A9A1E68EC888C3570256B713 /* [CP] Check Pods Manifest.lock */ = {
			isa = PBXShellScriptBuildPhase;
			buildActionMask = 2147483647;
			files = (
			);
			inputFileListPaths = (
			);
			inputPaths = (
				"${PODS_PODFILE_DIR_PATH}/Podfile.lock",
				"${PODS_ROOT}/Manifest.lock",
			);
			name = "[CP] Check Pods Manifest.lock";
			outputFileListPaths = (
			);
			outputPaths = (
				"$(DERIVED_FILE_DIR)/Pods-MotionAppTests-checkManifestLockResult.txt",
			);
			runOnlyForDeploymentPostprocessing = 0;
			shellPath = /bin/sh;
			shellScript = "diff \"${PODS_PODFILE_DIR_PATH}/Podfile.lock\" \"${PODS_ROOT}/Manifest.lock\" > /dev/null\nif [ $? != 0 ] ; then\n    # print error to STDERR\n    echo \"error: The sandbox is not in sync with the Podfile.lock. Run 'pod install' or update your CocoaPods installation.\" >&2\n    exit 1\nfi\n# This output is used by Xcode 'outputs' to avoid re-running this script phase.\necho \"SUCCESS\" > \"${SCRIPT_OUTPUT_FILE_0}\"\n";
			showEnvVarsInLog = 0;
		};
/* End PBXShellScriptBuildPhase section */

/* Begin PBXSourcesBuildPhase section */
		18FFA7462403CDB300F13DF1 /* Sources */ = {
			isa = PBXSourcesBuildPhase;
			buildActionMask = 2147483647;
			files = (
				18FFA7522403CDB300F13DF1 /* EditViewController.swift in Sources */,
				1856364D240BB60E005E9E5B /* DrawView.swift in Sources */,
				18582702241B888A00CF6F8E /* PostListViewModel.swift in Sources */,
				18563659240BDA6E005E9E5B /* MyShapeLayer.swift in Sources */,
				18F5AC7D241E1C9D00D1DE33 /* UIColorExtension.swift in Sources */,
				18771A52240E2891003346EF /* EditViewDataSource.swift in Sources */,
				18771A5D240FBA97003346EF /* TrackViewCell.swift in Sources */,
				185FD277240B77FD006E8B01 /* Cells.swift in Sources */,
				18771A54240F8B0F003346EF /* TestViewController.swift in Sources */,
				18FFA74E2403CDB300F13DF1 /* AppDelegate.swift in Sources */,
				185826FE241B612D00CF6F8E /* PostListViewController.swift in Sources */,
				18771A58240F901D003346EF /* TrackCell.swift in Sources */,
				183F4FFE240E120F00F2A6A1 /* NibView.swift in Sources */,
				183F4FFC240D2B1700F2A6A1 /* TimeMeterView.swift in Sources */,
				18582700241B622400CF6F8E /* PostCollectionViewCell.swift in Sources */,
				183F4FF6240CD61E00F2A6A1 /* SideCellView.swift in Sources */,
				183F4FF8240CE49300F2A6A1 /* BaseView.swift in Sources */,
				18FFA7502403CDB300F13DF1 /* SceneDelegate.swift in Sources */,
				1856365D240C0153005E9E5B /* EditViewModel.swift in Sources */,
				18F5AC8B241F342100D1DE33 /* BottomView.swift in Sources */,
			);
			runOnlyForDeploymentPostprocessing = 0;
		};
		18FFA75C2403CDB500F13DF1 /* Sources */ = {
			isa = PBXSourcesBuildPhase;
			buildActionMask = 2147483647;
			files = (
				18FFA7652403CDB500F13DF1 /* MotionAppTests.swift in Sources */,
			);
			runOnlyForDeploymentPostprocessing = 0;
		};
		18FFA7672403CDB500F13DF1 /* Sources */ = {
			isa = PBXSourcesBuildPhase;
			buildActionMask = 2147483647;
			files = (
				18FFA7702403CDB500F13DF1 /* MotionAppUITests.swift in Sources */,
			);
			runOnlyForDeploymentPostprocessing = 0;
		};
/* End PBXSourcesBuildPhase section */

/* Begin PBXTargetDependency section */
		18FFA7622403CDB500F13DF1 /* PBXTargetDependency */ = {
			isa = PBXTargetDependency;
			target = 18FFA7492403CDB300F13DF1 /* MotionApp */;
			targetProxy = 18FFA7612403CDB500F13DF1 /* PBXContainerItemProxy */;
		};
		18FFA76D2403CDB500F13DF1 /* PBXTargetDependency */ = {
			isa = PBXTargetDependency;
			target = 18FFA7492403CDB300F13DF1 /* MotionApp */;
			targetProxy = 18FFA76C2403CDB500F13DF1 /* PBXContainerItemProxy */;
		};
/* End PBXTargetDependency section */

/* Begin PBXVariantGroup section */
		18FFA7532403CDB300F13DF1 /* Main.storyboard */ = {
			isa = PBXVariantGroup;
			children = (
				18FFA7542403CDB300F13DF1 /* Base */,
			);
			name = Main.storyboard;
			sourceTree = "<group>";
		};
		18FFA7582403CDB500F13DF1 /* LaunchScreen.storyboard */ = {
			isa = PBXVariantGroup;
			children = (
				18FFA7592403CDB500F13DF1 /* Base */,
			);
			name = LaunchScreen.storyboard;
			sourceTree = "<group>";
		};
/* End PBXVariantGroup section */

/* Begin XCBuildConfiguration section */
		18FFA7722403CDB500F13DF1 /* Debug */ = {
			isa = XCBuildConfiguration;
			buildSettings = {
				ALWAYS_SEARCH_USER_PATHS = NO;
				CLANG_ANALYZER_NONNULL = YES;
				CLANG_ANALYZER_NUMBER_OBJECT_CONVERSION = YES_AGGRESSIVE;
				CLANG_CXX_LANGUAGE_STANDARD = "gnu++14";
				CLANG_CXX_LIBRARY = "libc++";
				CLANG_ENABLE_MODULES = YES;
				CLANG_ENABLE_OBJC_ARC = YES;
				CLANG_ENABLE_OBJC_WEAK = YES;
				CLANG_WARN_BLOCK_CAPTURE_AUTORELEASING = YES;
				CLANG_WARN_BOOL_CONVERSION = YES;
				CLANG_WARN_COMMA = YES;
				CLANG_WARN_CONSTANT_CONVERSION = YES;
				CLANG_WARN_DEPRECATED_OBJC_IMPLEMENTATIONS = YES;
				CLANG_WARN_DIRECT_OBJC_ISA_USAGE = YES_ERROR;
				CLANG_WARN_DOCUMENTATION_COMMENTS = YES;
				CLANG_WARN_EMPTY_BODY = YES;
				CLANG_WARN_ENUM_CONVERSION = YES;
				CLANG_WARN_INFINITE_RECURSION = YES;
				CLANG_WARN_INT_CONVERSION = YES;
				CLANG_WARN_NON_LITERAL_NULL_CONVERSION = YES;
				CLANG_WARN_OBJC_IMPLICIT_RETAIN_SELF = YES;
				CLANG_WARN_OBJC_LITERAL_CONVERSION = YES;
				CLANG_WARN_OBJC_ROOT_CLASS = YES_ERROR;
				CLANG_WARN_RANGE_LOOP_ANALYSIS = YES;
				CLANG_WARN_STRICT_PROTOTYPES = YES;
				CLANG_WARN_SUSPICIOUS_MOVE = YES;
				CLANG_WARN_UNGUARDED_AVAILABILITY = YES_AGGRESSIVE;
				CLANG_WARN_UNREACHABLE_CODE = YES;
				CLANG_WARN__DUPLICATE_METHOD_MATCH = YES;
				COPY_PHASE_STRIP = NO;
				DEBUG_INFORMATION_FORMAT = dwarf;
				ENABLE_STRICT_OBJC_MSGSEND = YES;
				ENABLE_TESTABILITY = YES;
				GCC_C_LANGUAGE_STANDARD = gnu11;
				GCC_DYNAMIC_NO_PIC = NO;
				GCC_NO_COMMON_BLOCKS = YES;
				GCC_OPTIMIZATION_LEVEL = 0;
				GCC_PREPROCESSOR_DEFINITIONS = (
					"DEBUG=1",
					"$(inherited)",
				);
				GCC_WARN_64_TO_32_BIT_CONVERSION = YES;
				GCC_WARN_ABOUT_RETURN_TYPE = YES_ERROR;
				GCC_WARN_UNDECLARED_SELECTOR = YES;
				GCC_WARN_UNINITIALIZED_AUTOS = YES_AGGRESSIVE;
				GCC_WARN_UNUSED_FUNCTION = YES;
				GCC_WARN_UNUSED_VARIABLE = YES;
				IPHONEOS_DEPLOYMENT_TARGET = 13.2;
				MTL_ENABLE_DEBUG_INFO = INCLUDE_SOURCE;
				MTL_FAST_MATH = YES;
				ONLY_ACTIVE_ARCH = YES;
				SDKROOT = iphoneos;
				SWIFT_ACTIVE_COMPILATION_CONDITIONS = DEBUG;
				SWIFT_OPTIMIZATION_LEVEL = "-Onone";
			};
			name = Debug;
		};
		18FFA7732403CDB500F13DF1 /* Release */ = {
			isa = XCBuildConfiguration;
			buildSettings = {
				ALWAYS_SEARCH_USER_PATHS = NO;
				CLANG_ANALYZER_NONNULL = YES;
				CLANG_ANALYZER_NUMBER_OBJECT_CONVERSION = YES_AGGRESSIVE;
				CLANG_CXX_LANGUAGE_STANDARD = "gnu++14";
				CLANG_CXX_LIBRARY = "libc++";
				CLANG_ENABLE_MODULES = YES;
				CLANG_ENABLE_OBJC_ARC = YES;
				CLANG_ENABLE_OBJC_WEAK = YES;
				CLANG_WARN_BLOCK_CAPTURE_AUTORELEASING = YES;
				CLANG_WARN_BOOL_CONVERSION = YES;
				CLANG_WARN_COMMA = YES;
				CLANG_WARN_CONSTANT_CONVERSION = YES;
				CLANG_WARN_DEPRECATED_OBJC_IMPLEMENTATIONS = YES;
				CLANG_WARN_DIRECT_OBJC_ISA_USAGE = YES_ERROR;
				CLANG_WARN_DOCUMENTATION_COMMENTS = YES;
				CLANG_WARN_EMPTY_BODY = YES;
				CLANG_WARN_ENUM_CONVERSION = YES;
				CLANG_WARN_INFINITE_RECURSION = YES;
				CLANG_WARN_INT_CONVERSION = YES;
				CLANG_WARN_NON_LITERAL_NULL_CONVERSION = YES;
				CLANG_WARN_OBJC_IMPLICIT_RETAIN_SELF = YES;
				CLANG_WARN_OBJC_LITERAL_CONVERSION = YES;
				CLANG_WARN_OBJC_ROOT_CLASS = YES_ERROR;
				CLANG_WARN_RANGE_LOOP_ANALYSIS = YES;
				CLANG_WARN_STRICT_PROTOTYPES = YES;
				CLANG_WARN_SUSPICIOUS_MOVE = YES;
				CLANG_WARN_UNGUARDED_AVAILABILITY = YES_AGGRESSIVE;
				CLANG_WARN_UNREACHABLE_CODE = YES;
				CLANG_WARN__DUPLICATE_METHOD_MATCH = YES;
				COPY_PHASE_STRIP = NO;
				DEBUG_INFORMATION_FORMAT = "dwarf-with-dsym";
				ENABLE_NS_ASSERTIONS = NO;
				ENABLE_STRICT_OBJC_MSGSEND = YES;
				GCC_C_LANGUAGE_STANDARD = gnu11;
				GCC_NO_COMMON_BLOCKS = YES;
				GCC_WARN_64_TO_32_BIT_CONVERSION = YES;
				GCC_WARN_ABOUT_RETURN_TYPE = YES_ERROR;
				GCC_WARN_UNDECLARED_SELECTOR = YES;
				GCC_WARN_UNINITIALIZED_AUTOS = YES_AGGRESSIVE;
				GCC_WARN_UNUSED_FUNCTION = YES;
				GCC_WARN_UNUSED_VARIABLE = YES;
				IPHONEOS_DEPLOYMENT_TARGET = 13.2;
				MTL_ENABLE_DEBUG_INFO = NO;
				MTL_FAST_MATH = YES;
				SDKROOT = iphoneos;
				SWIFT_COMPILATION_MODE = wholemodule;
				SWIFT_OPTIMIZATION_LEVEL = "-O";
				VALIDATE_PRODUCT = YES;
			};
			name = Release;
		};
		18FFA7752403CDB500F13DF1 /* Debug */ = {
			isa = XCBuildConfiguration;
			baseConfigurationReference = EB60275870FC4EB4174C20DB /* Pods-MotionApp.debug.xcconfig */;
			buildSettings = {
				ASSETCATALOG_COMPILER_APPICON_NAME = AppIcon;
				CODE_SIGN_STYLE = Automatic;
				DEVELOPMENT_TEAM = H9A9L5MZZC;
				INFOPLIST_FILE = MotionApp/Info.plist;
				IPHONEOS_DEPLOYMENT_TARGET = 12.3;
				LD_RUNPATH_SEARCH_PATHS = (
					"$(inherited)",
					"@executable_path/Frameworks",
				);
				PRODUCT_BUNDLE_IDENTIFIER = com.konatsup.MotionApp;
				PRODUCT_NAME = "$(TARGET_NAME)";
				SWIFT_VERSION = 5.0;
				TARGETED_DEVICE_FAMILY = "1,2";
			};
			name = Debug;
		};
		18FFA7762403CDB500F13DF1 /* Release */ = {
			isa = XCBuildConfiguration;
			baseConfigurationReference = 6827C7C51D3C6A8C9AD51025 /* Pods-MotionApp.release.xcconfig */;
			buildSettings = {
				ASSETCATALOG_COMPILER_APPICON_NAME = AppIcon;
				CODE_SIGN_STYLE = Automatic;
				DEVELOPMENT_TEAM = H9A9L5MZZC;
				INFOPLIST_FILE = MotionApp/Info.plist;
				IPHONEOS_DEPLOYMENT_TARGET = 12.3;
				LD_RUNPATH_SEARCH_PATHS = (
					"$(inherited)",
					"@executable_path/Frameworks",
				);
				PRODUCT_BUNDLE_IDENTIFIER = com.konatsup.MotionApp;
				PRODUCT_NAME = "$(TARGET_NAME)";
				SWIFT_VERSION = 5.0;
				TARGETED_DEVICE_FAMILY = "1,2";
			};
			name = Release;
		};
		18FFA7782403CDB500F13DF1 /* Debug */ = {
			isa = XCBuildConfiguration;
			baseConfigurationReference = 9F341AB510FF138972E28F22 /* Pods-MotionAppTests.debug.xcconfig */;
			buildSettings = {
				ALWAYS_EMBED_SWIFT_STANDARD_LIBRARIES = YES;
				BUNDLE_LOADER = "$(TEST_HOST)";
				CODE_SIGN_STYLE = Automatic;
				INFOPLIST_FILE = MotionAppTests/Info.plist;
				IPHONEOS_DEPLOYMENT_TARGET = 13.2;
				LD_RUNPATH_SEARCH_PATHS = (
					"$(inherited)",
					"@executable_path/Frameworks",
					"@loader_path/Frameworks",
				);
				PRODUCT_BUNDLE_IDENTIFIER = com.konatsup.MotionAppTests;
				PRODUCT_NAME = "$(TARGET_NAME)";
				SWIFT_VERSION = 5.0;
				TARGETED_DEVICE_FAMILY = "1,2";
				TEST_HOST = "$(BUILT_PRODUCTS_DIR)/MotionApp.app/MotionApp";
			};
			name = Debug;
		};
		18FFA7792403CDB500F13DF1 /* Release */ = {
			isa = XCBuildConfiguration;
			baseConfigurationReference = 6006DE83001BA73CE343AB7E /* Pods-MotionAppTests.release.xcconfig */;
			buildSettings = {
				ALWAYS_EMBED_SWIFT_STANDARD_LIBRARIES = YES;
				BUNDLE_LOADER = "$(TEST_HOST)";
				CODE_SIGN_STYLE = Automatic;
				INFOPLIST_FILE = MotionAppTests/Info.plist;
				IPHONEOS_DEPLOYMENT_TARGET = 13.2;
				LD_RUNPATH_SEARCH_PATHS = (
					"$(inherited)",
					"@executable_path/Frameworks",
					"@loader_path/Frameworks",
				);
				PRODUCT_BUNDLE_IDENTIFIER = com.konatsup.MotionAppTests;
				PRODUCT_NAME = "$(TARGET_NAME)";
				SWIFT_VERSION = 5.0;
				TARGETED_DEVICE_FAMILY = "1,2";
				TEST_HOST = "$(BUILT_PRODUCTS_DIR)/MotionApp.app/MotionApp";
			};
			name = Release;
		};
		18FFA77B2403CDB500F13DF1 /* Debug */ = {
			isa = XCBuildConfiguration;
			baseConfigurationReference = 91FE733EC31871CF885642DF /* Pods-MotionApp-MotionAppUITests.debug.xcconfig */;
			buildSettings = {
				ALWAYS_EMBED_SWIFT_STANDARD_LIBRARIES = YES;
				CODE_SIGN_STYLE = Automatic;
				INFOPLIST_FILE = MotionAppUITests/Info.plist;
				LD_RUNPATH_SEARCH_PATHS = (
					"$(inherited)",
					"@executable_path/Frameworks",
					"@loader_path/Frameworks",
				);
				PRODUCT_BUNDLE_IDENTIFIER = com.konatsup.MotionAppUITests;
				PRODUCT_NAME = "$(TARGET_NAME)";
				SWIFT_VERSION = 5.0;
				TARGETED_DEVICE_FAMILY = "1,2";
				TEST_TARGET_NAME = MotionApp;
			};
			name = Debug;
		};
		18FFA77C2403CDB500F13DF1 /* Release */ = {
			isa = XCBuildConfiguration;
			baseConfigurationReference = 1FC678D01F36E6BC18513730 /* Pods-MotionApp-MotionAppUITests.release.xcconfig */;
			buildSettings = {
				ALWAYS_EMBED_SWIFT_STANDARD_LIBRARIES = YES;
				CODE_SIGN_STYLE = Automatic;
				INFOPLIST_FILE = MotionAppUITests/Info.plist;
				LD_RUNPATH_SEARCH_PATHS = (
					"$(inherited)",
					"@executable_path/Frameworks",
					"@loader_path/Frameworks",
				);
				PRODUCT_BUNDLE_IDENTIFIER = com.konatsup.MotionAppUITests;
				PRODUCT_NAME = "$(TARGET_NAME)";
				SWIFT_VERSION = 5.0;
				TARGETED_DEVICE_FAMILY = "1,2";
				TEST_TARGET_NAME = MotionApp;
			};
			name = Release;
		};
/* End XCBuildConfiguration section */

/* Begin XCConfigurationList section */
		18FFA7452403CDB300F13DF1 /* Build configuration list for PBXProject "MotionApp" */ = {
			isa = XCConfigurationList;
			buildConfigurations = (
				18FFA7722403CDB500F13DF1 /* Debug */,
				18FFA7732403CDB500F13DF1 /* Release */,
			);
			defaultConfigurationIsVisible = 0;
			defaultConfigurationName = Release;
		};
		18FFA7742403CDB500F13DF1 /* Build configuration list for PBXNativeTarget "MotionApp" */ = {
			isa = XCConfigurationList;
			buildConfigurations = (
				18FFA7752403CDB500F13DF1 /* Debug */,
				18FFA7762403CDB500F13DF1 /* Release */,
			);
			defaultConfigurationIsVisible = 0;
			defaultConfigurationName = Release;
		};
		18FFA7772403CDB500F13DF1 /* Build configuration list for PBXNativeTarget "MotionAppTests" */ = {
			isa = XCConfigurationList;
			buildConfigurations = (
				18FFA7782403CDB500F13DF1 /* Debug */,
				18FFA7792403CDB500F13DF1 /* Release */,
			);
			defaultConfigurationIsVisible = 0;
			defaultConfigurationName = Release;
		};
		18FFA77A2403CDB500F13DF1 /* Build configuration list for PBXNativeTarget "MotionAppUITests" */ = {
			isa = XCConfigurationList;
			buildConfigurations = (
				18FFA77B2403CDB500F13DF1 /* Debug */,
				18FFA77C2403CDB500F13DF1 /* Release */,
			);
			defaultConfigurationIsVisible = 0;
			defaultConfigurationName = Release;
		};
/* End XCConfigurationList section */
	};
	rootObject = 18FFA7422403CDB300F13DF1 /* Project object */;
}
